
Microsoft Visual Studio Solution File, Format Version 12.00
# Visual Studio 15
VisualStudioVersion = 15.0.27428.2005
MinimumVisualStudioVersion = 10.0.40219.1
Project("{9A19103F-16F7-4668-BE54-9A1E7A4F7556}") = "Consuum.Core", "Consuum.Core\Consuum.Core.csproj", "{1ADB2694-B5D3-4C52-9883-9C33A28A52B5}"
EndProject
Project("{9A19103F-16F7-4668-BE54-9A1E7A4F7556}") = "Consuum.Core.Test", "Consuum.Core.Test\Consuum.Core.Test.csproj", "{AB735162-6F59-49E1-9A16-C6184B4ECA95}"
EndProject
Project("{FAE04EC0-301F-11D3-BF4B-00C04F79EFBC}") = "Consuum.Tts", "Consuum.Tts\Consuum.Tts.csproj", "{ACD5D23D-811E-4939-B2EE-EBC70DC1DE8E}"
EndProject
Global
	GlobalSection(SolutionConfigurationPlatforms) = preSolution
		Debug|Any CPU = Debug|Any CPU
		Release|Any CPU = Release|Any CPU
		Debug|x64 = Debug|x64
		Debug|x86 = Debug|x86
		Release|x64 = Release|x64
		Release|x86 = Release|x86
	EndGlobalSection
	GlobalSection(ProjectConfigurationPlatforms) = postSolution
		{1ADB2694-B5D3-4C52-9883-9C33A28A52B5}.Debug|Any CPU.ActiveCfg = Debug|Any CPU
		{1ADB2694-B5D3-4C52-9883-9C33A28A52B5}.Debug|Any CPU.Build.0 = Debug|Any CPU
		{1ADB2694-B5D3-4C52-9883-9C33A28A52B5}.Release|Any CPU.ActiveCfg = Release|Any CPU
		{1ADB2694-B5D3-4C52-9883-9C33A28A52B5}.Release|Any CPU.Build.0 = Release|Any CPU
		{AB735162-6F59-49E1-9A16-C6184B4ECA95}.Debug|Any CPU.ActiveCfg = Debug|Any CPU
		{AB735162-6F59-49E1-9A16-C6184B4ECA95}.Debug|Any CPU.Build.0 = Debug|Any CPU
		{AB735162-6F59-49E1-9A16-C6184B4ECA95}.Release|Any CPU.ActiveCfg = Release|Any CPU
		{AB735162-6F59-49E1-9A16-C6184B4ECA95}.Release|Any CPU.Build.0 = Release|Any CPU
		{ACD5D23D-811E-4939-B2EE-EBC70DC1DE8E}.Debug|Any CPU.ActiveCfg = Debug|Any CPU
		{ACD5D23D-811E-4939-B2EE-EBC70DC1DE8E}.Debug|Any CPU.Build.0 = Debug|Any CPU
		{ACD5D23D-811E-4939-B2EE-EBC70DC1DE8E}.Debug|x64.ActiveCfg = Debug|x64
		{ACD5D23D-811E-4939-B2EE-EBC70DC1DE8E}.Debug|x64.Build.0 = Debug|x64
		{ACD5D23D-811E-4939-B2EE-EBC70DC1DE8E}.Debug|x86.ActiveCfg = Debug|x86
		{ACD5D23D-811E-4939-B2EE-EBC70DC1DE8E}.Debug|x86.Build.0 = Debug|x86
		{ACD5D23D-811E-4939-B2EE-EBC70DC1DE8E}.Release|Any CPU.ActiveCfg = Release|Any CPU
		{ACD5D23D-811E-4939-B2EE-EBC70DC1DE8E}.Release|Any CPU.Build.0 = Release|Any CPU
		{ACD5D23D-811E-4939-B2EE-EBC70DC1DE8E}.Release|x64.ActiveCfg = Release|x64
		{ACD5D23D-811E-4939-B2EE-EBC70DC1DE8E}.Release|x64.Build.0 = Release|x64
		{ACD5D23D-811E-4939-B2EE-EBC70DC1DE8E}.Release|x86.ActiveCfg = Release|x86
		{ACD5D23D-811E-4939-B2EE-EBC70DC1DE8E}.Release|x86.Build.0 = Release|x86
	EndGlobalSection
	GlobalSection(SolutionProperties) = preSolution
		HideSolutionNode = FALSE
	EndGlobalSection
	GlobalSection(ExtensibilityGlobals) = postSolution
		SolutionGuid = {223F5716-629D-4491-81C3-68D1D0E62644}
	EndGlobalSection
EndGlobal
