
Microsoft Visual Studio Solution File, Format Version 12.00
# Visual Studio 15
VisualStudioVersion = 15.0.27428.2005
MinimumVisualStudioVersion = 10.0.40219.1
Project("{9A19103F-16F7-4668-BE54-9A1E7A4F7556}") = "Consuum.Core", "Consuum.Core\Consuum.Core.csproj", "{1ADB2694-B5D3-4C52-9883-9C33A28A52B5}"
EndProject
Project("{9A19103F-16F7-4668-BE54-9A1E7A4F7556}") = "Consuum.Core.Test", "Consuum.Core.Test\Consuum.Core.Test.csproj", "{AB735162-6F59-49E1-9A16-C6184B4ECA95}"
EndProject
Project("{9A19103F-16F7-4668-BE54-9A1E7A4F7556}") = "Consuum.Core.Cli", "Consuum.Core.Cli\Consuum.Core.Cli.csproj", "{CB7C5E1D-4425-4204-BC59-9E023EADC33B}"
EndProject
Project("{FAE04EC0-301F-11D3-BF4B-00C04F79EFBC}") = "Consuum.GoogleCloudVision", "Consuum.GoogleCloudVision\Consuum.GoogleCloudVision.csproj", "{BDE9273A-2021-40EA-9589-07E9EC4C8CAF}"
EndProject
Global
	GlobalSection(SolutionConfigurationPlatforms) = preSolution
		Debug|Any CPU = Debug|Any CPU
		Release|Any CPU = Release|Any CPU
	EndGlobalSection
	GlobalSection(ProjectConfigurationPlatforms) = postSolution
		{1ADB2694-B5D3-4C52-9883-9C33A28A52B5}.Debug|Any CPU.ActiveCfg = Debug|Any CPU
		{1ADB2694-B5D3-4C52-9883-9C33A28A52B5}.Debug|Any CPU.Build.0 = Debug|Any CPU
		{1ADB2694-B5D3-4C52-9883-9C33A28A52B5}.Release|Any CPU.ActiveCfg = Release|Any CPU
		{1ADB2694-B5D3-4C52-9883-9C33A28A52B5}.Release|Any CPU.Build.0 = Release|Any CPU
		{AB735162-6F59-49E1-9A16-C6184B4ECA95}.Debug|Any CPU.ActiveCfg = Debug|Any CPU
		{AB735162-6F59-49E1-9A16-C6184B4ECA95}.Debug|Any CPU.Build.0 = Debug|Any CPU
		{AB735162-6F59-49E1-9A16-C6184B4ECA95}.Release|Any CPU.ActiveCfg = Release|Any CPU
		{AB735162-6F59-49E1-9A16-C6184B4ECA95}.Release|Any CPU.Build.0 = Release|Any CPU
		{CB7C5E1D-4425-4204-BC59-9E023EADC33B}.Debug|Any CPU.ActiveCfg = Debug|Any CPU
		{CB7C5E1D-4425-4204-BC59-9E023EADC33B}.Debug|Any CPU.Build.0 = Debug|Any CPU
		{CB7C5E1D-4425-4204-BC59-9E023EADC33B}.Release|Any CPU.ActiveCfg = Release|Any CPU
		{CB7C5E1D-4425-4204-BC59-9E023EADC33B}.Release|Any CPU.Build.0 = Release|Any CPU
		{BDE9273A-2021-40EA-9589-07E9EC4C8CAF}.Debug|Any CPU.ActiveCfg = Debug|Any CPU
		{BDE9273A-2021-40EA-9589-07E9EC4C8CAF}.Debug|Any CPU.Build.0 = Debug|Any CPU
		{BDE9273A-2021-40EA-9589-07E9EC4C8CAF}.Release|Any CPU.ActiveCfg = Release|Any CPU
		{BDE9273A-2021-40EA-9589-07E9EC4C8CAF}.Release|Any CPU.Build.0 = Release|Any CPU
	EndGlobalSection
	GlobalSection(SolutionProperties) = preSolution
		HideSolutionNode = FALSE
	EndGlobalSection
	GlobalSection(ExtensibilityGlobals) = postSolution
		SolutionGuid = {223F5716-629D-4491-81C3-68D1D0E62644}
	EndGlobalSection
EndGlobal
